
Microsoft Visual Studio Solution File, Format Version 12.00
# Visual Studio Version 16
VisualStudioVersion = 16.0.30517.126
MinimumVisualStudioVersion = 10.0.40219.1
Project("{FAE04EC0-301F-11D3-BF4B-00C04F79EFBC}") = "handshake", "handshake\handshake.csproj", "{3DD39E63-5580-496C-813C-9B9537509E5A}"
EndProject
Global
	GlobalSection(SolutionConfigurationPlatforms) = preSolution
		Debug|Any CPU = Debug|Any CPU
		Release|Any CPU = Release|Any CPU
	EndGlobalSection
	GlobalSection(ProjectConfigurationPlatforms) = postSolution
		{3DD39E63-5580-496C-813C-9B9537509E5A}.Debug|Any CPU.ActiveCfg = Debug|Any CPU
		{3DD39E63-5580-496C-813C-9B9537509E5A}.Debug|Any CPU.Build.0 = Debug|Any CPU
		{3DD39E63-5580-496C-813C-9B9537509E5A}.Release|Any CPU.ActiveCfg = Release|Any CPU
		{3DD39E63-5580-496C-813C-9B9537509E5A}.Release|Any CPU.Build.0 = Release|Any CPU
	EndGlobalSection
	GlobalSection(SolutionProperties) = preSolution
		HideSolutionNode = FALSE
	EndGlobalSection
	GlobalSection(ExtensibilityGlobals) = postSolution
		SolutionGuid = {5CD81639-C1C6-498C-B046-C739E544858C}
	EndGlobalSection
EndGlobal
